
Microsoft Visual Studio Solution File, Format Version 12.00
# Visual Studio Version 16
VisualStudioVersion = 16.0.31424.327
MinimumVisualStudioVersion = 10.0.40219.1
Project("{FAE04EC0-301F-11D3-BF4B-00C04F79EFBC}") = "EmployeeManager.RazorPages", "EmployeeManager.RazorPages.csproj", "{5D72FAE5-7096-41F3-962F-3DB41CB2CB94}"
EndProject
Global
	GlobalSection(SolutionConfigurationPlatforms) = preSolution
		Debug|Any CPU = Debug|Any CPU
		Release|Any CPU = Release|Any CPU
	EndGlobalSection
	GlobalSection(ProjectConfigurationPlatforms) = postSolution
		{5D72FAE5-7096-41F3-962F-3DB41CB2CB94}.Debug|Any CPU.ActiveCfg = Debug|Any CPU
		{5D72FAE5-7096-41F3-962F-3DB41CB2CB94}.Debug|Any CPU.Build.0 = Debug|Any CPU
		{5D72FAE5-7096-41F3-962F-3DB41CB2CB94}.Release|Any CPU.ActiveCfg = Release|Any CPU
		{5D72FAE5-7096-41F3-962F-3DB41CB2CB94}.Release|Any CPU.Build.0 = Release|Any CPU
	EndGlobalSection
	GlobalSection(SolutionProperties) = preSolution
		HideSolutionNode = FALSE
	EndGlobalSection
	GlobalSection(ExtensibilityGlobals) = postSolution
		SolutionGuid = {89778A6E-4165-4D74-8D0C-94661A670D85}
	EndGlobalSection
EndGlobal
